
Microsoft Visual Studio Solution File, Format Version 11.00
# Visual Studio 2010
Project("{FAE04EC0-301F-11D3-BF4B-00C04F79EFBC}") = "Objects", "Objects.csproj", "{FB4BA55D-DB69-4B2E-A557-7AE7316CD946}"
EndProject
Global
	GlobalSection(SolutionConfigurationPlatforms) = preSolution
		Debug|Any CPU = Debug|Any CPU
		Release|Any CPU = Release|Any CPU
		ReleaseToNugetLocal|Any CPU = ReleaseToNugetLocal|Any CPU
		ReleaseToNugetOrg|Any CPU = ReleaseToNugetOrg|Any CPU
	EndGlobalSection
	GlobalSection(ProjectConfigurationPlatforms) = postSolution
		{FB4BA55D-DB69-4B2E-A557-7AE7316CD946}.Debug|Any CPU.ActiveCfg = Debug|Any CPU
		{FB4BA55D-DB69-4B2E-A557-7AE7316CD946}.Debug|Any CPU.Build.0 = Debug|Any CPU
		{FB4BA55D-DB69-4B2E-A557-7AE7316CD946}.Release|Any CPU.ActiveCfg = Release|Any CPU
		{FB4BA55D-DB69-4B2E-A557-7AE7316CD946}.Release|Any CPU.Build.0 = Release|Any CPU
		{FB4BA55D-DB69-4B2E-A557-7AE7316CD946}.ReleaseToNugetLocal|Any CPU.ActiveCfg = ReleaseToNugetLocal|Any CPU
		{FB4BA55D-DB69-4B2E-A557-7AE7316CD946}.ReleaseToNugetLocal|Any CPU.Build.0 = ReleaseToNugetLocal|Any CPU
		{FB4BA55D-DB69-4B2E-A557-7AE7316CD946}.ReleaseToNugetOrg|Any CPU.ActiveCfg = ReleaseToNugetOrg|Any CPU
		{FB4BA55D-DB69-4B2E-A557-7AE7316CD946}.ReleaseToNugetOrg|Any CPU.Build.0 = ReleaseToNugetOrg|Any CPU
	EndGlobalSection
	GlobalSection(SolutionProperties) = preSolution
		HideSolutionNode = FALSE
	EndGlobalSection
EndGlobal
